
Microsoft Visual Studio Solution File, Format Version 12.00
# Visual Studio Version 16
VisualStudioVersion = 16.0.31424.327
MinimumVisualStudioVersion = 10.0.40219.1
Project("{FAE04EC0-301F-11D3-BF4B-00C04F79EFBC}") = "JJXML", "JJXML\JJXML.csproj", "{2EF44E29-8B14-4547-B487-12BF48B32849}"
EndProject
Global
	GlobalSection(SolutionConfigurationPlatforms) = preSolution
		Debug|Any CPU = Debug|Any CPU
		Release|Any CPU = Release|Any CPU
	EndGlobalSection
	GlobalSection(ProjectConfigurationPlatforms) = postSolution
		{2EF44E29-8B14-4547-B487-12BF48B32849}.Debug|Any CPU.ActiveCfg = Debug|Any CPU
		{2EF44E29-8B14-4547-B487-12BF48B32849}.Debug|Any CPU.Build.0 = Debug|Any CPU
		{2EF44E29-8B14-4547-B487-12BF48B32849}.Release|Any CPU.ActiveCfg = Release|Any CPU
		{2EF44E29-8B14-4547-B487-12BF48B32849}.Release|Any CPU.Build.0 = Release|Any CPU
	EndGlobalSection
	GlobalSection(SolutionProperties) = preSolution
		HideSolutionNode = FALSE
	EndGlobalSection
	GlobalSection(ExtensibilityGlobals) = postSolution
		SolutionGuid = {DE8336EE-2B90-4353-A81E-CAD6F3F0128B}
	EndGlobalSection
EndGlobal
